
Microsoft Visual Studio Solution File, Format Version 12.00
Project("{2150E333-8FDC-42A3-9474-1A3956D46DE8}") = "Solution Items", "Solution Items", "{59D5FBFC-4C79-43B7-AA86-7A2642B097AA}"
	ProjectSection(SolutionItems) = preProject
		.teamcity/Irc_CommandLib/buildTypes/Irc_CommandLib_StwalkersterBotCommandLib.xml = .teamcity/Irc_CommandLib/buildTypes/Irc_CommandLib_StwalkersterBotCommandLib.xml
	EndProjectSection
EndProject
Project("{FAE04EC0-301F-11D3-BF4B-00C04F79EFBC}") = "Stwalkerster.Bot.CommandLib", "Stwalkerster.Bot.CommandLib\Stwalkerster.Bot.CommandLib.csproj", "{727151DD-DB3A-4CF0-850B-9233437DE6DA}"
EndProject
Project("{FAE04EC0-301F-11D3-BF4B-00C04F79EFBC}") = "Stwalkerster.Bot.CommandLib.Tests", "Stwalkerster.Bot.CommandLib.Tests\Stwalkerster.Bot.CommandLib.Tests.csproj", "{4F479420-7615-4D0F-B105-623313BB1605}"
EndProject
Project("{FAE04EC0-301F-11D3-BF4B-00C04F79EFBC}") = "Stwalkerster.Bot.CommandLib.Testbot", "Stwalkerster.Bot.CommandLib.Testbot\Stwalkerster.Bot.CommandLib.Testbot.csproj", "{4689E8A1-CF6D-4138-90F0-713E77A71795}"
EndProject
Global
	GlobalSection(SolutionConfigurationPlatforms) = preSolution
		Debug|Any CPU = Debug|Any CPU
		Release|Any CPU = Release|Any CPU
	EndGlobalSection
	GlobalSection(ProjectConfigurationPlatforms) = postSolution
		{727151DD-DB3A-4CF0-850B-9233437DE6DA}.Debug|Any CPU.ActiveCfg = Debug|Any CPU
		{727151DD-DB3A-4CF0-850B-9233437DE6DA}.Debug|Any CPU.Build.0 = Debug|Any CPU
		{727151DD-DB3A-4CF0-850B-9233437DE6DA}.Release|Any CPU.ActiveCfg = Release|Any CPU
		{727151DD-DB3A-4CF0-850B-9233437DE6DA}.Release|Any CPU.Build.0 = Release|Any CPU
		{4F479420-7615-4D0F-B105-623313BB1605}.Debug|Any CPU.ActiveCfg = Debug|Any CPU
		{4F479420-7615-4D0F-B105-623313BB1605}.Debug|Any CPU.Build.0 = Debug|Any CPU
		{4F479420-7615-4D0F-B105-623313BB1605}.Release|Any CPU.ActiveCfg = Release|Any CPU
		{4F479420-7615-4D0F-B105-623313BB1605}.Release|Any CPU.Build.0 = Release|Any CPU
		{4689E8A1-CF6D-4138-90F0-713E77A71795}.Debug|Any CPU.ActiveCfg = Debug|Any CPU
		{4689E8A1-CF6D-4138-90F0-713E77A71795}.Debug|Any CPU.Build.0 = Debug|Any CPU
		{4689E8A1-CF6D-4138-90F0-713E77A71795}.Release|Any CPU.ActiveCfg = Release|Any CPU
		{4689E8A1-CF6D-4138-90F0-713E77A71795}.Release|Any CPU.Build.0 = Release|Any CPU
	EndGlobalSection
EndGlobal
